
Microsoft Visual Studio Solution File, Format Version 12.00
# Visual Studio Version 17
VisualStudioVersion = 17.4.33122.133
MinimumVisualStudioVersion = 10.0.40219.1
Project("{9A19103F-16F7-4668-BE54-9A1E7A4F7556}") = "Area51", "Area51\Area51.csproj", "{B19488A1-350D-419B-B863-A877D17E4023}"
EndProject
Project("{FAE04EC0-301F-11D3-BF4B-00C04F79EFBC}") = "Recipe", "..\Paralel Programming\Recipe\Recipe.csproj", "{64E1209E-D6E3-4C79-97B5-13B9F7D42257}"
EndProject
Global
	GlobalSection(SolutionConfigurationPlatforms) = preSolution
		Debug|Any CPU = Debug|Any CPU
		Release|Any CPU = Release|Any CPU
	EndGlobalSection
	GlobalSection(ProjectConfigurationPlatforms) = postSolution
		{B19488A1-350D-419B-B863-A877D17E4023}.Debug|Any CPU.ActiveCfg = Debug|Any CPU
		{B19488A1-350D-419B-B863-A877D17E4023}.Debug|Any CPU.Build.0 = Debug|Any CPU
		{B19488A1-350D-419B-B863-A877D17E4023}.Release|Any CPU.ActiveCfg = Release|Any CPU
		{B19488A1-350D-419B-B863-A877D17E4023}.Release|Any CPU.Build.0 = Release|Any CPU
		{64E1209E-D6E3-4C79-97B5-13B9F7D42257}.Debug|Any CPU.ActiveCfg = Debug|Any CPU
		{64E1209E-D6E3-4C79-97B5-13B9F7D42257}.Debug|Any CPU.Build.0 = Debug|Any CPU
		{64E1209E-D6E3-4C79-97B5-13B9F7D42257}.Release|Any CPU.ActiveCfg = Release|Any CPU
		{64E1209E-D6E3-4C79-97B5-13B9F7D42257}.Release|Any CPU.Build.0 = Release|Any CPU
	EndGlobalSection
	GlobalSection(SolutionProperties) = preSolution
		HideSolutionNode = FALSE
	EndGlobalSection
	GlobalSection(ExtensibilityGlobals) = postSolution
		SolutionGuid = {25F6822B-D5BF-44A6-8184-D55CB97D521A}
	EndGlobalSection
EndGlobal
